PODS:
  - Flutter (1.0.0)
  - integration_test (0.0.1):
    - Flutter
  - w_client_flutter (1.0.0):
    - Flutter

DEPENDENCIES:
  - Flutter (from `Flutter`)
  - integration_test (from `.symlinks/plugins/integration_test/ios`)
  - w_client_flutter (from `.symlinks/plugins/w_client_flutter/ios`)

EXTERNAL SOURCES:
  Flutter:
    :path: Flutter
  integration_test:
    :path: ".symlinks/plugins/integration_test/ios"
  w_client_flutter:
    :path: ".symlinks/plugins/w_client_flutter/ios"

SPEC CHECKSUMS:
  Flutter: cabc95a1d2626b1b06e7179b784ebcf0c0cde467
  integration_test: 4a889634ef21a45d28d50d622cf412dc6d9f586e
  w_client_flutter: bbc5be534f1ad01c6c215af8ccd8570c02074c25

PODFILE CHECKSUM: 3c63482e143d1b91d2d2560aee9fb04ecc74ac7e

COCOAPODS: 1.16.2
